Microsoft Visual Studio Solution File, Format Version 11.00
# Visual Studio 2008

Project("{706258F5-21A8-1D98-EEA2-F393AFC0B904}") = "WordToShape", "Assembly-CSharp.csproj", "{AA0D4CD3-0A40-3AFA-CAE5-ADDDC1459BC7}"
EndProject
Project("{706258F5-21A8-1D98-EEA2-F393AFC0B904}") = "WordToShape", "Assembly-CSharp-Editor.csproj", "{57A86685-70A3-C865-02AC-2E8A2CA8F31F}"
EndProject
Global
	GlobalSection(SolutionConfigurationPlatforms) = preSolution
		Debug|Any CPU = Debug|Any CPU
		Release|Any CPU = Release|Any CPU
	EndGlobalSection
	GlobalSection(ProjectConfigurationPlatforms) = postSolution
		{AA0D4CD3-0A40-3AFA-CAE5-ADDDC1459BC7}.Debug|Any CPU.ActiveCfg = Debug|Any CPU
		{AA0D4CD3-0A40-3AFA-CAE5-ADDDC1459BC7}.Debug|Any CPU.Build.0 = Debug|Any CPU
		{AA0D4CD3-0A40-3AFA-CAE5-ADDDC1459BC7}.Release|Any CPU.ActiveCfg = Release|Any CPU
		{AA0D4CD3-0A40-3AFA-CAE5-ADDDC1459BC7}.Release|Any CPU.Build.0 = Release|Any CPU
		{57A86685-70A3-C865-02AC-2E8A2CA8F31F}.Debug|Any CPU.ActiveCfg = Debug|Any CPU
		{57A86685-70A3-C865-02AC-2E8A2CA8F31F}.Debug|Any CPU.Build.0 = Debug|Any CPU
		{57A86685-70A3-C865-02AC-2E8A2CA8F31F}.Release|Any CPU.ActiveCfg = Release|Any CPU
		{57A86685-70A3-C865-02AC-2E8A2CA8F31F}.Release|Any CPU.Build.0 = Release|Any CPU
	EndGlobalSection
	GlobalSection(SolutionProperties) = preSolution
		HideSolutionNode = FALSE
	EndGlobalSection
	GlobalSection(MonoDevelopProperties) = preSolution
		StartupItem = Assembly-CSharp.csproj
	EndGlobalSection
EndGlobal
